
Microsoft Visual Studio Solution File, Format Version 12.00
# Visual Studio Version 17
VisualStudioVersion = 17.10.35122.118
MinimumVisualStudioVersion = 10.0.40219.1
Project("{9A19103F-16F7-4668-BE54-9A1E7A4F7556}") = "mirra1_0", "mirra1.0\mirra1_0.csproj", "{08232351-B19F-4325-A864-A8FED7FCFCEB}"
EndProject
Project("{2150E333-8FDC-42A3-9474-1A3956D46DE8}") = "Элементы решения", "Элементы решения", "{4D9054FB-414C-4F4F-85B1-49B8E0F63265}"
EndProject
Global
	GlobalSection(SolutionConfigurationPlatforms) = preSolution
		Debug|Any CPU = Debug|Any CPU
		Release|Any CPU = Release|Any CPU
	EndGlobalSection
	GlobalSection(ProjectConfigurationPlatforms) = postSolution
		{08232351-B19F-4325-A864-A8FED7FCFCEB}.Debug|Any CPU.ActiveCfg = Debug|Any CPU
		{08232351-B19F-4325-A864-A8FED7FCFCEB}.Debug|Any CPU.Build.0 = Debug|Any CPU
		{08232351-B19F-4325-A864-A8FED7FCFCEB}.Release|Any CPU.ActiveCfg = Release|Any CPU
		{08232351-B19F-4325-A864-A8FED7FCFCEB}.Release|Any CPU.Build.0 = Release|Any CPU
	EndGlobalSection
	GlobalSection(SolutionProperties) = preSolution
		HideSolutionNode = FALSE
	EndGlobalSection
	GlobalSection(ExtensibilityGlobals) = postSolution
		SolutionGuid = {91A5AD15-53E1-47A2-92BA-4256144E3EB2}
	EndGlobalSection
EndGlobal
